
Microsoft Visual Studio Solution File, Format Version 12.00
# Visual Studio Version 17
VisualStudioVersion = 17.11.35312.102
MinimumVisualStudioVersion = 10.0.40219.1
Project("{FAE04EC0-301F-11D3-BF4B-00C04F79EFBC}") = "department", "department\department.csproj", "{284E1EBC-1ECC-4406-8E91-6E0D74B9F486}"
EndProject
Global
	GlobalSection(SolutionConfigurationPlatforms) = preSolution
		Debug|Any CPU = Debug|Any CPU
		Release|Any CPU = Release|Any CPU
	EndGlobalSection
	GlobalSection(ProjectConfigurationPlatforms) = postSolution
		{284E1EBC-1ECC-4406-8E91-6E0D74B9F486}.Debug|Any CPU.ActiveCfg = Debug|Any CPU
		{284E1EBC-1ECC-4406-8E91-6E0D74B9F486}.Debug|Any CPU.Build.0 = Debug|Any CPU
		{284E1EBC-1ECC-4406-8E91-6E0D74B9F486}.Release|Any CPU.ActiveCfg = Release|Any CPU
		{284E1EBC-1ECC-4406-8E91-6E0D74B9F486}.Release|Any CPU.Build.0 = Release|Any CPU
	EndGlobalSection
	GlobalSection(SolutionProperties) = preSolution
		HideSolutionNode = FALSE
	EndGlobalSection
	GlobalSection(ExtensibilityGlobals) = postSolution
		SolutionGuid = {5023A968-1822-4241-A55C-E152B0668E11}
	EndGlobalSection
EndGlobal
